// !$*UTF8*$!
{
	archiveVersion = 1;
	classes = {
	};
	objectVersion = 46;
	objects = {

/* Begin PBXBuildFile section */
		A10E48041B5895050055A4C4 /* AppDelegate.swift in Sources */ = {isa = PBXBuildFile; fileRef = A10E48031B5895050055A4C4 /* AppDelegate.swift */; };
		A10E480A1B5895050055A4C4 /* GameViewController.swift in Sources */ = {isa = PBXBuildFile; fileRef = A10E48091B5895050055A4C4 /* GameViewController.swift */; };
		A10E480D1B5895050055A4C4 /* Main.storyboard in Resources */ = {isa = PBXBuildFile; fileRef = A10E480B1B5895050055A4C4 /* Main.storyboard */; };
		A10E480F1B5895050055A4C4 /* Images.xcassets in Resources */ = {isa = PBXBuildFile; fileRef = A10E480E1B5895050055A4C4 /* Images.xcassets */; };
		A10E48121B5895050055A4C4 /* LaunchScreen.xib in Resources */ = {isa = PBXBuildFile; fileRef = A10E48101B5895050055A4C4 /* LaunchScreen.xib */; };
		A10E481E1B5895050055A4C4 /* ProceduralLevelGeneration_SwiftTests.swift in Sources */ = {isa = PBXBuildFile; fileRef = A10E481D1B5895050055A4C4 /* ProceduralLevelGeneration_SwiftTests.swift */; };
		A10E48281B5895710055A4C4 /* DPad.swift in Sources */ = {isa = PBXBuildFile; fileRef = A10E48271B5895710055A4C4 /* DPad.swift */; };
		A10E482A1B589E250055A4C4 /* MyScene.swift in Sources */ = {isa = PBXBuildFile; fileRef = A10E48291B589E250055A4C4 /* MyScene.swift */; };
		A10E482F1B58A1480055A4C4 /* SillyFun.mp3 in Resources */ = {isa = PBXBuildFile; fileRef = A10E482C1B58A1480055A4C4 /* SillyFun.mp3 */; };
		A10E48301B58A1480055A4C4 /* step.wav in Resources */ = {isa = PBXBuildFile; fileRef = A10E482D1B58A1480055A4C4 /* step.wav */; };
		A10E48311B58A1480055A4C4 /* win.wav in Resources */ = {isa = PBXBuildFile; fileRef = A10E482E1B58A1480055A4C4 /* win.wav */; };
		A10E48341B58A1710055A4C4 /* sprites.atlas in Resources */ = {isa = PBXBuildFile; fileRef = A10E48321B58A1710055A4C4 /* sprites.atlas */; };
		A10E48351B58A1710055A4C4 /* tiles.atlas in Resources */ = {isa = PBXBuildFile; fileRef = A10E48331B58A1710055A4C4 /* tiles.atlas */; };
		A10E48371B58B2360055A4C4 /* Map.swift in Sources */ = {isa = PBXBuildFile; fileRef = A10E48361B58B2360055A4C4 /* Map.swift */; };
		A10E48391B58B39A0055A4C4 /* MapTiles.swift in Sources */ = {isa = PBXBuildFile; fileRef = A10E48381B58B39A0055A4C4 /* MapTiles.swift */; };
		A10E483B1B58D88C0055A4C4 /* FloorMaker.swift in Sources */ = {isa = PBXBuildFile; fileRef = A10E483A1B58D88C0055A4C4 /* FloorMaker.swift */; };
/* End PBXBuildFile section */

/* Begin PBXContainerItemProxy section */
		A10E48181B5895050055A4C4 /* PBXContainerItemProxy */ = {
			isa = PBXContainerItemProxy;
			containerPortal = A10E47F61B5895050055A4C4 /* Project object */;
			proxyType = 1;
			remoteGlobalIDString = A10E47FD1B5895050055A4C4;
			remoteInfo = "ProceduralLevelGeneration-Swift";
		};
/* End PBXContainerItemProxy section */

/* Begin PBXFileReference section */
		A10E47FE1B5895050055A4C4 /* ProceduralLevelGeneration-Swift.app */ = {isa = PBXFileReference; explicitFileType = wrapper.application; includeInIndex = 0; path = "ProceduralLevelGeneration-Swift.app"; sourceTree = BUILT_PRODUCTS_DIR; };
		A10E48021B5895050055A4C4 /* Info.plist */ = {isa = PBXFileReference; lastKnownFileType = text.plist.xml; path = Info.plist; sourceTree = "<group>"; };
		A10E48031B5895050055A4C4 /* AppDelegate.swift */ = {isa = PBXFileReference; lastKnownFileType = sourcecode.swift; path = AppDelegate.swift; sourceTree = "<group>"; };
		A10E48091B5895050055A4C4 /* GameViewController.swift */ = {isa = PBXFileReference; lastKnownFileType = sourcecode.swift; path = GameViewController.swift; sourceTree = "<group>"; };
		A10E480C1B5895050055A4C4 /* Base */ = {isa = PBXFileReference; lastKnownFileType = file.storyboard; name = Base; path = Base.lproj/Main.storyboard; sourceTree = "<group>"; };
		A10E480E1B5895050055A4C4 /* Images.xcassets */ = {isa = PBXFileReference; lastKnownFileType = folder.assetcatalog; path = Images.xcassets; sourceTree = "<group>"; };
		A10E48111B5895050055A4C4 /* Base */ = {isa = PBXFileReference; lastKnownFileType = file.xib; name = Base; path = Base.lproj/LaunchScreen.xib; sourceTree = "<group>"; };
		A10E48171B5895050055A4C4 /* ProceduralLevelGeneration-SwiftTests.xctest */ = {isa = PBXFileReference; explicitFileType = wrapper.cfbundle; includeInIndex = 0; path = "ProceduralLevelGeneration-SwiftTests.xctest"; sourceTree = BUILT_PRODUCTS_DIR; };
		A10E481C1B5895050055A4C4 /* Info.plist */ = {isa = PBXFileReference; lastKnownFileType = text.plist.xml; path = Info.plist; sourceTree = "<group>"; };
		A10E481D1B5895050055A4C4 /* ProceduralLevelGeneration_SwiftTests.swift */ = {isa = PBXFileReference; lastKnownFileType = sourcecode.swift; path = ProceduralLevelGeneration_SwiftTests.swift; sourceTree = "<group>"; };
		A10E48271B5895710055A4C4 /* DPad.swift */ = {isa = PBXFileReference; fileEncoding = 4; lastKnownFileType = sourcecode.swift; path = DPad.swift; sourceTree = "<group>"; };
		A10E48291B589E250055A4C4 /* MyScene.swift */ = {isa = PBXFileReference; fileEncoding = 4; lastKnownFileType = sourcecode.swift; path = MyScene.swift; sourceTree = "<group>"; };
		A10E482C1B58A1480055A4C4 /* SillyFun.mp3 */ = {isa = PBXFileReference; lastKnownFileType = audio.mp3; path = SillyFun.mp3; sourceTree = "<group>"; };
		A10E482D1B58A1480055A4C4 /* step.wav */ = {isa = PBXFileReference; lastKnownFileType = audio.wav; path = step.wav; sourceTree = "<group>"; };
		A10E482E1B58A1480055A4C4 /* win.wav */ = {isa = PBXFileReference; lastKnownFileType = audio.wav; path = win.wav; sourceTree = "<group>"; };
		A10E48321B58A1710055A4C4 /* sprites.atlas */ = {isa = PBXFileReference; lastKnownFileType = folder.skatlas; path = sprites.atlas; sourceTree = "<group>"; };
		A10E48331B58A1710055A4C4 /* tiles.atlas */ = {isa = PBXFileReference; lastKnownFileType = folder.skatlas; path = tiles.atlas; sourceTree = "<group>"; };
		A10E48361B58B2360055A4C4 /* Map.swift */ = {isa = PBXFileReference; fileEncoding = 4; lastKnownFileType = sourcecode.swift; path = Map.swift; sourceTree = "<group>"; };
		A10E48381B58B39A0055A4C4 /* MapTiles.swift */ = {isa = PBXFileReference; fileEncoding = 4; lastKnownFileType = sourcecode.swift; path = MapTiles.swift; sourceTree = "<group>"; };
		A10E483A1B58D88C0055A4C4 /* FloorMaker.swift */ = {isa = PBXFileReference; fileEncoding = 4; lastKnownFileType = sourcecode.swift; path = FloorMaker.swift; sourceTree = "<group>"; };
/* End PBXFileReference section */

/* Begin PBXFrameworksBuildPhase section */
		A10E47FB1B5895050055A4C4 /* Frameworks */ = {
			isa = PBXFrameworksBuildPhase;
			buildActionMask = 2147483647;
			files = (
			);
			runOnlyForDeploymentPostprocessing = 0;
		};
		A10E48141B5895050055A4C4 /* Frameworks */ = {
			isa = PBXFrameworksBuildPhase;
			buildActionMask = 2147483647;
			files = (
			);
			runOnlyForDeploymentPostprocessing = 0;
		};
/* End PBXFrameworksBuildPhase section */

/* Begin PBXGroup section */
		A10E47F51B5895050055A4C4 = {
			isa = PBXGroup;
			children = (
				A10E48001B5895050055A4C4 /* ProceduralLevelGeneration-Swift */,
				A10E481A1B5895050055A4C4 /* ProceduralLevelGeneration-SwiftTests */,
				A10E47FF1B5895050055A4C4 /* Products */,
			);
			sourceTree = "<group>";
		};
		A10E47FF1B5895050055A4C4 /* Products */ = {
			isa = PBXGroup;
			children = (
				A10E47FE1B5895050055A4C4 /* ProceduralLevelGeneration-Swift.app */,
				A10E48171B5895050055A4C4 /* ProceduralLevelGeneration-SwiftTests.xctest */,
			);
			name = Products;
			sourceTree = "<group>";
		};
		A10E48001B5895050055A4C4 /* ProceduralLevelGeneration-Swift */ = {
			isa = PBXGroup;
			children = (
				A10E48031B5895050055A4C4 /* AppDelegate.swift */,
				A10E48271B5895710055A4C4 /* DPad.swift */,
				A10E48291B589E250055A4C4 /* MyScene.swift */,
				A10E48091B5895050055A4C4 /* GameViewController.swift */,
				A10E48361B58B2360055A4C4 /* Map.swift */,
				A10E48381B58B39A0055A4C4 /* MapTiles.swift */,
				A10E483A1B58D88C0055A4C4 /* FloorMaker.swift */,
				A10E480B1B5895050055A4C4 /* Main.storyboard */,
				A10E48101B5895050055A4C4 /* LaunchScreen.xib */,
				A10E482B1B58A1480055A4C4 /* sound */,
				A10E48321B58A1710055A4C4 /* sprites.atlas */,
				A10E48331B58A1710055A4C4 /* tiles.atlas */,
				A10E480E1B5895050055A4C4 /* Images.xcassets */,
				A10E48011B5895050055A4C4 /* Supporting Files */,
			);
			path = "ProceduralLevelGeneration-Swift";
			sourceTree = "<group>";
		};
		A10E48011B5895050055A4C4 /* Supporting Files */ = {
			isa = PBXGroup;
			children = (
				A10E48021B5895050055A4C4 /* Info.plist */,
			);
			name = "Supporting Files";
			sourceTree = "<group>";
		};
		A10E481A1B5895050055A4C4 /* ProceduralLevelGeneration-SwiftTests */ = {
			isa = PBXGroup;
			children = (
				A10E481D1B5895050055A4C4 /* ProceduralLevelGeneration_SwiftTests.swift */,
				A10E481B1B5895050055A4C4 /* Supporting Files */,
			);
			path = "ProceduralLevelGeneration-SwiftTests";
			sourceTree = "<group>";
		};
		A10E481B1B5895050055A4C4 /* Supporting Files */ = {
			isa = PBXGroup;
			children = (
				A10E481C1B5895050055A4C4 /* Info.plist */,
			);
			name = "Supporting Files";
			sourceTree = "<group>";
		};
		A10E482B1B58A1480055A4C4 /* sound */ = {
			isa = PBXGroup;
			children = (
				A10E482C1B58A1480055A4C4 /* SillyFun.mp3 */,
				A10E482D1B58A1480055A4C4 /* step.wav */,
				A10E482E1B58A1480055A4C4 /* win.wav */,
			);
			path = sound;
			sourceTree = "<group>";
		};
/* End PBXGroup section */

/* Begin PBXNativeTarget section */
		A10E47FD1B5895050055A4C4 /* ProceduralLevelGeneration-Swift */ = {
			isa = PBXNativeTarget;
			buildConfigurationList = A10E48211B5895050055A4C4 /* Build configuration list for PBXNativeTarget "ProceduralLevelGeneration-Swift" */;
			buildPhases = (
				A10E47FA1B5895050055A4C4 /* Sources */,
				A10E47FB1B5895050055A4C4 /* Frameworks */,
				A10E47FC1B5895050055A4C4 /* Resources */,
			);
			buildRules = (
			);
			dependencies = (
			);
			name = "ProceduralLevelGeneration-Swift";
			productName = "ProceduralLevelGeneration-Swift";
			productReference = A10E47FE1B5895050055A4C4 /* ProceduralLevelGeneration-Swift.app */;
			productType = "com.apple.product-type.application";
		};
		A10E48161B5895050055A4C4 /* ProceduralLevelGeneration-SwiftTests */ = {
			isa = PBXNativeTarget;
			buildConfigurationList = A10E48241B5895050055A4C4 /* Build configuration list for PBXNativeTarget "ProceduralLevelGeneration-SwiftTests" */;
			buildPhases = (
				A10E48131B5895050055A4C4 /* Sources */,
				A10E48141B5895050055A4C4 /* Frameworks */,
				A10E48151B5895050055A4C4 /* Resources */,
			);
			buildRules = (
			);
			dependencies = (
				A10E48191B5895050055A4C4 /* PBXTargetDependency */,
			);
			name = "ProceduralLevelGeneration-SwiftTests";
			productName = "ProceduralLevelGeneration-SwiftTests";
			productReference = A10E48171B5895050055A4C4 /* ProceduralLevelGeneration-SwiftTests.xctest */;
			productType = "com.apple.product-type.bundle.unit-test";
		};
/* End PBXNativeTarget section */

/* Begin PBXProject section */
		A10E47F61B5895050055A4C4 /* Project object */ = {
			isa = PBXProject;
			attributes = {
				LastUpgradeCheck = 1020;
				ORGANIZATIONNAME = "ID Tech";
				TargetAttributes = {
					A10E47FD1B5895050055A4C4 = {
						CreatedOnToolsVersion = 6.4;
						LastSwiftMigration = 1020;
					};
					A10E48161B5895050055A4C4 = {
						CreatedOnToolsVersion = 6.4;
						LastSwiftMigration = 1020;
						TestTargetID = A10E47FD1B5895050055A4C4;
					};
				};
			};
			buildConfigurationList = A10E47F91B5895050055A4C4 /* Build configuration list for PBXProject "ProceduralLevelGeneration-Swift" */;
			compatibilityVersion = "Xcode 3.2";
			developmentRegion = en;
			hasScannedForEncodings = 0;
			knownRegions = (
				en,
				Base,
			);
			mainGroup = A10E47F51B5895050055A4C4;
			productRefGroup = A10E47FF1B5895050055A4C4 /* Products */;
			projectDirPath = "";
			projectRoot = "";
			targets = (
				A10E47FD1B5895050055A4C4 /* ProceduralLevelGeneration-Swift */,
				A10E48161B5895050055A4C4 /* ProceduralLevelGeneration-SwiftTests */,
			);
		};
/* End PBXProject section */

/* Begin PBXResourcesBuildPhase section */
		A10E47FC1B5895050055A4C4 /* Resources */ = {
			isa = PBXResourcesBuildPhase;
			buildActionMask = 2147483647;
			files = (
				A10E48341B58A1710055A4C4 /* sprites.atlas in Resources */,
				A10E48301B58A1480055A4C4 /* step.wav in Resources */,
				A10E482F1B58A1480055A4C4 /* SillyFun.mp3 in Resources */,
				A10E48121B5895050055A4C4 /* LaunchScreen.xib in Resources */,
				A10E48311B58A1480055A4C4 /* win.wav in Resources */,
				A10E480F1B5895050055A4C4 /* Images.xcassets in Resources */,
				A10E480D1B5895050055A4C4 /* Main.storyboard in Resources */,
				A10E48351B58A1710055A4C4 /* tiles.atlas in Resources */,
			);
			runOnlyForDeploymentPostprocessing = 0;
		};
		A10E48151B5895050055A4C4 /* Resources */ = {
			isa = PBXResourcesBuildPhase;
			buildActionMask = 2147483647;
			files = (
			);
			runOnlyForDeploymentPostprocessing = 0;
		};
/* End PBXResourcesBuildPhase section */

/* Begin PBXSourcesBuildPhase section */
		A10E47FA1B5895050055A4C4 /* Sources */ = {
			isa = PBXSourcesBuildPhase;
			buildActionMask = 2147483647;
			files = (
				A10E48371B58B2360055A4C4 /* Map.swift in Sources */,
				A10E483B1B58D88C0055A4C4 /* FloorMaker.swift in Sources */,
				A10E480A1B5895050055A4C4 /* GameViewController.swift in Sources */,
				A10E48391B58B39A0055A4C4 /* MapTiles.swift in Sources */,
				A10E482A1B589E250055A4C4 /* MyScene.swift in Sources */,
				A10E48281B5895710055A4C4 /* DPad.swift in Sources */,
				A10E48041B5895050055A4C4 /* AppDelegate.swift in Sources */,
			);
			runOnlyForDeploymentPostprocessing = 0;
		};
		A10E48131B5895050055A4C4 /* Sources */ = {
			isa = PBXSourcesBuildPhase;
			buildActionMask = 2147483647;
			files = (
				A10E481E1B5895050055A4C4 /* ProceduralLevelGeneration_SwiftTests.swift in Sources */,
			);
			runOnlyForDeploymentPostprocessing = 0;
		};
/* End PBXSourcesBuildPhase section */

/* Begin PBXTargetDependency section */
		A10E48191B5895050055A4C4 /* PBXTargetDependency */ = {
			isa = PBXTargetDependency;
			target = A10E47FD1B5895050055A4C4 /* ProceduralLevelGeneration-Swift */;
			targetProxy = A10E48181B5895050055A4C4 /* PBXContainerItemProxy */;
		};
/* End PBXTargetDependency section */

/* Begin PBXVariantGroup section */
		A10E480B1B5895050055A4C4 /* Main.storyboard */ = {
			isa = PBXVariantGroup;
			children = (
				A10E480C1B5895050055A4C4 /* Base */,
			);
			name = Main.storyboard;
			sourceTree = "<group>";
		};
		A10E48101B5895050055A4C4 /* LaunchScreen.xib */ = {
			isa = PBXVariantGroup;
			children = (
				A10E48111B5895050055A4C4 /* Base */,
			);
			name = LaunchScreen.xib;
			sourceTree = "<group>";
		};
/* End PBXVariantGroup section */

/* Begin XCBuildConfiguration section */
		A10E481F1B5895050055A4C4 /* Debug */ = {
			isa = XCBuildConfiguration;
			buildSettings = {
				ALWAYS_SEARCH_USER_PATHS = NO;
				CLANG_ANALYZER_LOCALIZABILITY_NONLOCALIZED = YES;
				CLANG_CXX_LANGUAGE_STANDARD = "gnu++0x";
				CLANG_CXX_LIBRARY = "libc++";
				CLANG_ENABLE_MODULES = YES;
				CLANG_ENABLE_OBJC_ARC = YES;
				CLANG_WARN_BLOCK_CAPTURE_AUTORELEASING = YES;
				CLANG_WARN_BOOL_CONVERSION = YES;
				CLANG_WARN_COMMA = YES;
				CLANG_WARN_CONSTANT_CONVERSION = YES;
				CLANG_WARN_DEPRECATED_OBJC_IMPLEMENTATIONS = YES;
				CLANG_WARN_DIRECT_OBJC_ISA_USAGE = YES_ERROR;
				CLANG_WARN_EMPTY_BODY = YES;
				CLANG_WARN_ENUM_CONVERSION = YES;
				CLANG_WARN_INFINITE_RECURSION = YES;
				CLANG_WARN_INT_CONVERSION = YES;
				CLANG_WARN_NON_LITERAL_NULL_CONVERSION = YES;
				CLANG_WARN_OBJC_IMPLICIT_RETAIN_SELF = YES;
				CLANG_WARN_OBJC_LITERAL_CONVERSION = YES;
				CLANG_WARN_OBJC_ROOT_CLASS = YES_ERROR;
				CLANG_WARN_RANGE_LOOP_ANALYSIS = YES;
				CLANG_WARN_STRICT_PROTOTYPES = YES;
				CLANG_WARN_SUSPICIOUS_MOVE = YES;
				CLANG_WARN_UNREACHABLE_CODE = YES;
				CLANG_WARN__DUPLICATE_METHOD_MATCH = YES;
				"CODE_SIGN_IDENTITY[sdk=iphoneos*]" = "iPhone Developer";
				COPY_PHASE_STRIP = NO;
				DEBUG_INFORMATION_FORMAT = "dwarf-with-dsym";
				ENABLE_STRICT_OBJC_MSGSEND = YES;
				ENABLE_TESTABILITY = YES;
				GCC_C_LANGUAGE_STANDARD = gnu99;
				GCC_DYNAMIC_NO_PIC = NO;
				GCC_NO_COMMON_BLOCKS = YES;
				GCC_OPTIMIZATION_LEVEL = 0;
				GCC_PREPROCESSOR_DEFINITIONS = (
					"DEBUG=1",
					"$(inherited)",
				);
				GCC_SYMBOLS_PRIVATE_EXTERN = NO;
				GCC_WARN_64_TO_32_BIT_CONVERSION = YES;
				GCC_WARN_ABOUT_RETURN_TYPE = YES_ERROR;
				GCC_WARN_UNDECLARED_SELECTOR = YES;
				GCC_WARN_UNINITIALIZED_AUTOS = YES_AGGRESSIVE;
				GCC_WARN_UNUSED_FUNCTION = YES;
				GCC_WARN_UNUSED_VARIABLE = YES;
				IPHONEOS_DEPLOYMENT_TARGET = 8.4;
				MTL_ENABLE_DEBUG_INFO = YES;
				ONLY_ACTIVE_ARCH = YES;
				SDKROOT = iphoneos;
				SWIFT_OPTIMIZATION_LEVEL = "-Onone";
				SWIFT_VERSION = 4.0;
			};
			name = Debug;
		};
		A10E48201B5895050055A4C4 /* Release */ = {
			isa = XCBuildConfiguration;
			buildSettings = {
				ALWAYS_SEARCH_USER_PATHS = NO;
				CLANG_ANALYZER_LOCALIZABILITY_NONLOCALIZED = YES;
				CLANG_CXX_LANGUAGE_STANDARD = "gnu++0x";
				CLANG_CXX_LIBRARY = "libc++";
				CLANG_ENABLE_MODULES = YES;
				CLANG_ENABLE_OBJC_ARC = YES;
				CLANG_WARN_BLOCK_CAPTURE_AUTORELEASING = YES;
				CLANG_WARN_BOOL_CONVERSION = YES;
				CLANG_WARN_COMMA = YES;
				CLANG_WARN_CONSTANT_CONVERSION = YES;
				CLANG_WARN_DEPRECATED_OBJC_IMPLEMENTATIONS = YES;
				CLANG_WARN_DIRECT_OBJC_ISA_USAGE = YES_ERROR;
				CLANG_WARN_EMPTY_BODY = YES;
				CLANG_WARN_ENUM_CONVERSION = YES;
				CLANG_WARN_INFINITE_RECURSION = YES;
				CLANG_WARN_INT_CONVERSION = YES;
				CLANG_WARN_NON_LITERAL_NULL_CONVERSION = YES;
				CLANG_WARN_OBJC_IMPLICIT_RETAIN_SELF = YES;
				CLANG_WARN_OBJC_LITERAL_CONVERSION = YES;
				CLANG_WARN_OBJC_ROOT_CLASS = YES_ERROR;
				CLANG_WARN_RANGE_LOOP_ANALYSIS = YES;
				CLANG_WARN_STRICT_PROTOTYPES = YES;
				CLANG_WARN_SUSPICIOUS_MOVE = YES;
				CLANG_WARN_UNREACHABLE_CODE = YES;
				CLANG_WARN__DUPLICATE_METHOD_MATCH = YES;
				"CODE_SIGN_IDENTITY[sdk=iphoneos*]" = "iPhone Developer";
				COPY_PHASE_STRIP = NO;
				DEBUG_INFORMATION_FORMAT = "dwarf-with-dsym";
				ENABLE_NS_ASSERTIONS = NO;
				ENABLE_STRICT_OBJC_MSGSEND = YES;
				GCC_C_LANGUAGE_STANDARD = gnu99;
				GCC_NO_COMMON_BLOCKS = YES;
				GCC_WARN_64_TO_32_BIT_CONVERSION = YES;
				GCC_WARN_ABOUT_RETURN_TYPE = YES_ERROR;
				GCC_WARN_UNDECLARED_SELECTOR = YES;
				GCC_WARN_UNINITIALIZED_AUTOS = YES_AGGRESSIVE;
				GCC_WARN_UNUSED_FUNCTION = YES;
				GCC_WARN_UNUSED_VARIABLE = YES;
				IPHONEOS_DEPLOYMENT_TARGET = 8.4;
				MTL_ENABLE_DEBUG_INFO = NO;
				SDKROOT = iphoneos;
				SWIFT_COMPILATION_MODE = wholemodule;
				SWIFT_VERSION = 4.0;
				VALIDATE_PRODUCT = YES;
			};
			name = Release;
		};
		A10E48221B5895050055A4C4 /* Debug */ = {
			isa = XCBuildConfiguration;
			buildSettings = {
				ASSETCATALOG_COMPILER_APPICON_NAME = AppIcon;
				INFOPLIST_FILE = "ProceduralLevelGeneration-Swift/Info.plist";
				LD_RUNPATH_SEARCH_PATHS = "$(inherited) @executable_path/Frameworks";
				PRODUCT_BUNDLE_IDENTIFIER = "com.iosbucky.$(PRODUCT_NAME:rfc1034identifier)";
				PRODUCT_NAME = "$(TARGET_NAME)";
				SWIFT_VERSION = 5.0;
			};
			name = Debug;
		};
		A10E48231B5895050055A4C4 /* Release */ = {
			isa = XCBuildConfiguration;
			buildSettings = {
				ASSETCATALOG_COMPILER_APPICON_NAME = AppIcon;
				INFOPLIST_FILE = "ProceduralLevelGeneration-Swift/Info.plist";
				LD_RUNPATH_SEARCH_PATHS = "$(inherited) @executable_path/Frameworks";
				PRODUCT_BUNDLE_IDENTIFIER = "com.iosbucky.$(PRODUCT_NAME:rfc1034identifier)";
				PRODUCT_NAME = "$(TARGET_NAME)";
				SWIFT_VERSION = 5.0;
			};
			name = Release;
		};
		A10E48251B5895050055A4C4 /* Debug */ = {
			isa = XCBuildConfiguration;
			buildSettings = {
				BUNDLE_LOADER = "$(TEST_HOST)";
				FRAMEWORK_SEARCH_PATHS = (
					"$(SDKROOT)/Developer/Library/Frameworks",
					"$(inherited)",
				);
				GCC_PREPROCESSOR_DEFINITIONS = (
					"DEBUG=1",
					"$(inherited)",
				);
				INFOPLIST_FILE = "ProceduralLevelGeneration-SwiftTests/Info.plist";
				LD_RUNPATH_SEARCH_PATHS = "$(inherited) @executable_path/Frameworks @loader_path/Frameworks";
				PRODUCT_BUNDLE_IDENTIFIER = "com.iosbucky.$(PRODUCT_NAME:rfc1034identifier)";
				PRODUCT_NAME = "$(TARGET_NAME)";
				SWIFT_VERSION = 5.0;
				TEST_HOST = "$(BUILT_PRODUCTS_DIR)/ProceduralLevelGeneration-Swift.app/ProceduralLevelGeneration-Swift";
			};
			name = Debug;
		};
		A10E48261B5895050055A4C4 /* Release */ = {
			isa = XCBuildConfiguration;
			buildSettings = {
				BUNDLE_LOADER = "$(TEST_HOST)";
				FRAMEWORK_SEARCH_PATHS = (
					"$(SDKROOT)/Developer/Library/Frameworks",
					"$(inherited)",
				);
				INFOPLIST_FILE = "ProceduralLevelGeneration-SwiftTests/Info.plist";
				LD_RUNPATH_SEARCH_PATHS = "$(inherited) @executable_path/Frameworks @loader_path/Frameworks";
				PRODUCT_BUNDLE_IDENTIFIER = "com.iosbucky.$(PRODUCT_NAME:rfc1034identifier)";
				PRODUCT_NAME = "$(TARGET_NAME)";
				SWIFT_VERSION = 5.0;
				TEST_HOST = "$(BUILT_PRODUCTS_DIR)/ProceduralLevelGeneration-Swift.app/ProceduralLevelGeneration-Swift";
			};
			name = Release;
		};
/* End XCBuildConfiguration section */

/* Begin XCConfigurationList section */
		A10E47F91B5895050055A4C4 /* Build configuration list for PBXProject "ProceduralLevelGeneration-Swift" */ = {
			isa = XCConfigurationList;
			buildConfigurations = (
				A10E481F1B5895050055A4C4 /* Debug */,
				A10E48201B5895050055A4C4 /* Release */,
			);
			defaultConfigurationIsVisible = 0;
			defaultConfigurationName = Release;
		};
		A10E48211B5895050055A4C4 /* Build configuration list for PBXNativeTarget "ProceduralLevelGeneration-Swift" */ = {
			isa = XCConfigurationList;
			buildConfigurations = (
				A10E48221B5895050055A4C4 /* Debug */,
				A10E48231B5895050055A4C4 /* Release */,
			);
			defaultConfigurationIsVisible = 0;
			defaultConfigurationName = Release;
		};
		A10E48241B5895050055A4C4 /* Build configuration list for PBXNativeTarget "ProceduralLevelGeneration-SwiftTests" */ = {
			isa = XCConfigurationList;
			buildConfigurations = (
				A10E48251B5895050055A4C4 /* Debug */,
				A10E48261B5895050055A4C4 /* Release */,
			);
			defaultConfigurationIsVisible = 0;
			defaultConfigurationName = Release;
		};
/* End XCConfigurationList section */
	};
	rootObject = A10E47F61B5895050055A4C4 /* Project object */;
}
